{
  "name": "zadanie_scss",
  "version": "1.0.0",
  "lockfileVersion": 1,
  "requires": true,
  "dependencies": {
    "sass-breakpoints": {
      "version": "2.1.0",
      "resolved": "https://registry.npmjs.org/sass-breakpoints/-/sass-breakpoints-2.1.0.tgz",
      "integrity": "sha1-0j4XGSJXklIGHZrtWWCYn5m0x2Y=",
      "requires": {
        "sass-ems": "^1.0.3"
      }
    },
    "sass-ems": {
      "version": "1.0.3",
      "resolved": "https://registry.npmjs.org/sass-ems/-/sass-ems-1.0.3.tgz",
      "integrity": "sha1-mxSPEwDY1GrA/DUkXZ0AGCB9jtg="
    }
  }
}
